<?xml version="1.0" encoding="utf-8"?>
<Project ToolsVersion="4.0" xmlns="http://schemas.microsoft.com/developer/msbuild/2003">
  <ItemGroup>
    <Filter Include="Source Files">
      <UniqueIdentifier>{4FC737F1-C7A5-4376-A066-2A32D752A2FF}</UniqueIdentifier>
      <Extensions>cpp;c;cc;cxx;c++;cppm;ixx;def;odl;idl;hpj;bat;asm;asmx</Extensions>
    </Filter>
    <Filter Include="Header Files">
      <UniqueIdentifier>{93995380-89BD-4b04-88EB-625FBE52EBFB}</UniqueIdentifier>
      <Extensions>h;hh;hpp;hxx;h++;hm;inl;inc;ipp;xsd</Extensions>
    </Filter>
    <Filter Include="Resource Files">
      <UniqueIdentifier>{67DA6AB6-F800-4c08-8B7A-83BB121AAD01}</UniqueIdentifier>
      <Extensions>rc;ico;cur;bmp;dlg;rc2;rct;bin;rgs;gif;jpg;jpeg;jpe;resx;tiff;tif;png;wav;mfcribbon-ms</Extensions>
    </Filter>
  </ItemGroup>
  <ItemGroup>
    <ClCompile Include="AddResidentCommand.cpp">
      <Filter>Source Files</Filter>
    </ClCompile>
    <ClCompile Include="Building.cpp">
      <Filter>Source Files</Filter>
    </ClCompile>
    <ClCompile Include="BuildingCreator.cpp">
      <Filter>Source Files</Filter>
    </ClCompile>
    <ClCompile Include="BuildingFactory.cpp">
      <Filter>Source Files</Filter>
    </ClCompile>
    <ClCompile Include="BuildingInfoCommand.cpp">
      <Filter>Source Files</Filter>
    </ClCompile>
    <ClCompile Include="CentralLocation.cpp">
      <Filter>Source Files</Filter>
    </ClCompile>
    <ClCompile Include="City.cpp">
      <Filter>Source Files</Filter>
    </ClCompile>
    <ClCompile Include="CityContext.cpp">
      <Filter>Source Files</Filter>
    </ClCompile>
    <ClCompile Include="CommandProcessor.cpp">
      <Filter>Source Files</Filter>
    </ClCompile>
    <ClCompile Include="CommandRegistry.cpp">
      <Filter>Source Files</Filter>
    </ClCompile>
    <ClCompile Include="Coordinates.cpp">
      <Filter>Source Files</Filter>
    </ClCompile>
    <ClCompile Include="Date.cpp">
      <Filter>Source Files</Filter>
    </ClCompile>
    <ClCompile Include="DormitoryBuilding.cpp">
      <Filter>Source Files</Filter>
    </ClCompile>
    <ClCompile Include="DormitoryBuildingCreator.cpp">
      <Filter>Source Files</Filter>
    </ClCompile>
    <ClCompile Include="GenerateCommand.cpp">
      <Filter>Source Files</Filter>
    </ClCompile>
    <ClCompile Include="InfoCommand.cpp">
      <Filter>Source Files</Filter>
    </ClCompile>
    <ClCompile Include="LoadCommand.cpp">
      <Filter>Source Files</Filter>
    </ClCompile>
    <ClCompile Include="LocationFactory.cpp">
      <Filter>Source Files</Filter>
    </ClCompile>
    <ClCompile Include="main.cpp">
      <Filter>Source Files</Filter>
    </ClCompile>
    <ClCompile Include="Miner.cpp">
      <Filter>Source Files</Filter>
    </ClCompile>
    <ClCompile Include="MinerCreator.cpp">
      <Filter>Source Files</Filter>
    </ClCompile>
    <ClCompile Include="ModernBuilding.cpp">
      <Filter>Source Files</Filter>
    </ClCompile>
    <ClCompile Include="ModernBuildingCreator.cpp">
      <Filter>Source Files</Filter>
    </ClCompile>
    <ClCompile Include="PanelBlockBuilding.cpp">
      <Filter>Source Files</Filter>
    </ClCompile>
    <ClCompile Include="PanelBlockBuildingCreator.cpp">
      <Filter>Source Files</Filter>
    </ClCompile>
    <ClCompile Include="PeripheralLocation.cpp">
      <Filter>Source Files</Filter>
    </ClCompile>
    <ClCompile Include="Profession.cpp">
      <Filter>Source Files</Filter>
    </ClCompile>
    <ClCompile Include="ProfessionCreator.cpp">
      <Filter>Source Files</Filter>
    </ClCompile>
    <ClCompile Include="ProfessionFactory.cpp">
      <Filter>Source Files</Filter>
    </ClCompile>
    <ClCompile Include="Programmer.cpp">
      <Filter>Source Files</Filter>
    </ClCompile>
    <ClCompile Include="ProgrammerCreator.cpp">
      <Filter>Source Files</Filter>
    </ClCompile>
    <ClCompile Include="Reader.cpp">
      <Filter>Source Files</Filter>
    </ClCompile>
    <ClCompile Include="RemoveResidentCommand.cpp">
      <Filter>Source Files</Filter>
    </ClCompile>
    <ClCompile Include="Resident.cpp">
      <Filter>Source Files</Filter>
    </ClCompile>
    <ClCompile Include="ResidentEditor.cpp">
      <Filter>Source Files</Filter>
    </ClCompile>
    <ClCompile Include="ResidentInfoCommand.cpp">
      <Filter>Source Files</Filter>
    </ClCompile>
    <ClCompile Include="ResidentManager.cpp">
      <Filter>Source Files</Filter>
    </ClCompile>
    <ClCompile Include="SaveCommand.cpp">
      <Filter>Source Files</Filter>
    </ClCompile>
    <ClCompile Include="Simulation.cpp">
      <Filter>Source Files</Filter>
    </ClCompile>
    <ClCompile Include="SimulationApp.cpp">
      <Filter>Source Files</Filter>
    </ClCompile>
    <ClCompile Include="StepCommand.cpp">
      <Filter>Source Files</Filter>
    </ClCompile>
    <ClCompile Include="StepsCommand.cpp">
      <Filter>Source Files</Filter>
    </ClCompile>
    <ClCompile Include="Teacher.cpp">
      <Filter>Source Files</Filter>
    </ClCompile>
    <ClCompile Include="TeacherCreator.cpp">
      <Filter>Source Files</Filter>
    </ClCompile>
    <ClCompile Include="TxtReader.cpp">
      <Filter>Source Files</Filter>
    </ClCompile>
    <ClCompile Include="TxtWriter.cpp">
      <Filter>Source Files</Filter>
    </ClCompile>
    <ClCompile Include="Unemployed.cpp">
      <Filter>Source Files</Filter>
    </ClCompile>
    <ClCompile Include="UnemployedCreator.cpp">
      <Filter>Source Files</Filter>
    </ClCompile>
    <ClCompile Include="Writer.cpp">
      <Filter>Source Files</Filter>
    </ClCompile>
  </ItemGroup>
  <ItemGroup>
    <ClInclude Include="AddResidentCommand.h">
      <Filter>Header Files</Filter>
    </ClInclude>
    <ClInclude Include="AutoRegisterDormitory.hpp">
      <Filter>Header Files</Filter>
    </ClInclude>
    <ClInclude Include="AutoRegisterMiner.hpp">
      <Filter>Header Files</Filter>
    </ClInclude>
    <ClInclude Include="AutoRegisterModern.hpp">
      <Filter>Header Files</Filter>
    </ClInclude>
    <ClInclude Include="AutoRegisterPanelBlock.hpp">
      <Filter>Header Files</Filter>
    </ClInclude>
    <ClInclude Include="AutoRegisterProgrammer.hpp">
      <Filter>Header Files</Filter>
    </ClInclude>
    <ClInclude Include="AutoRegisterTeacher.hpp">
      <Filter>Header Files</Filter>
    </ClInclude>
    <ClInclude Include="AutoRegisterUnemployed.hpp">
      <Filter>Header Files</Filter>
    </ClInclude>
    <ClInclude Include="Building.h">
      <Filter>Header Files</Filter>
    </ClInclude>
    <ClInclude Include="BuildingCreator.h">
      <Filter>Header Files</Filter>
    </ClInclude>
    <ClInclude Include="BuildingFactory.h">
      <Filter>Header Files</Filter>
    </ClInclude>
    <ClInclude Include="BuildingInfoCommand.h">
      <Filter>Header Files</Filter>
    </ClInclude>
    <ClInclude Include="BuildingRegistrations.h">
      <Filter>Header Files</Filter>
    </ClInclude>
    <ClInclude Include="BuildingType.h">
      <Filter>Header Files</Filter>
    </ClInclude>
    <ClInclude Include="CentralLocation.h">
      <Filter>Header Files</Filter>
    </ClInclude>
    <ClInclude Include="City.h">
      <Filter>Header Files</Filter>
    </ClInclude>
    <ClInclude Include="CityContext.h">
      <Filter>Header Files</Filter>
    </ClInclude>
    <ClInclude Include="Command.h">
      <Filter>Header Files</Filter>
    </ClInclude>
    <ClInclude Include="CommandProcessor.h">
      <Filter>Header Files</Filter>
    </ClInclude>
    <ClInclude Include="CommandRegistry.h">
      <Filter>Header Files</Filter>
    </ClInclude>
    <ClInclude Include="Constants.hpp">
      <Filter>Header Files</Filter>
    </ClInclude>
    <ClInclude Include="Coordinates.h">
      <Filter>Header Files</Filter>
    </ClInclude>
    <ClInclude Include="Date.h">
      <Filter>Header Files</Filter>
    </ClInclude>
    <ClInclude Include="DormitoryBuilding.h">
      <Filter>Header Files</Filter>
    </ClInclude>
    <ClInclude Include="DormitoryBuildingCreator.h">
      <Filter>Header Files</Filter>
    </ClInclude>
    <ClInclude Include="GenerateCommand.h">
      <Filter>Header Files</Filter>
    </ClInclude>
    <ClInclude Include="InfoCommand.h">
      <Filter>Header Files</Filter>
    </ClInclude>
    <ClInclude Include="LoadCommand.h">
      <Filter>Header Files</Filter>
    </ClInclude>
    <ClInclude Include="Location.h">
      <Filter>Header Files</Filter>
    </ClInclude>
    <ClInclude Include="LocationFactory.h">
      <Filter>Header Files</Filter>
    </ClInclude>
    <ClInclude Include="LocationType.h">
      <Filter>Header Files</Filter>
    </ClInclude>
    <ClInclude Include="Miner.h">
      <Filter>Header Files</Filter>
    </ClInclude>
    <ClInclude Include="MinerCreator.h">
      <Filter>Header Files</Filter>
    </ClInclude>
    <ClInclude Include="ModernBuilding.h">
      <Filter>Header Files</Filter>
    </ClInclude>
    <ClInclude Include="ModernBuildingCreator.h">
      <Filter>Header Files</Filter>
    </ClInclude>
    <ClInclude Include="PanelBlockBuilding.h">
      <Filter>Header Files</Filter>
    </ClInclude>
    <ClInclude Include="PanelBlockBuildingCreator.h">
      <Filter>Header Files</Filter>
    </ClInclude>
    <ClInclude Include="PeripheralLocation.h">
      <Filter>Header Files</Filter>
    </ClInclude>
    <ClInclude Include="Profession.h">
      <Filter>Header Files</Filter>
    </ClInclude>
    <ClInclude Include="ProfessionCreator.h">
      <Filter>Header Files</Filter>
    </ClInclude>
    <ClInclude Include="ProfessionFactory.h">
      <Filter>Header Files</Filter>
    </ClInclude>
    <ClInclude Include="Programmer.h">
      <Filter>Header Files</Filter>
    </ClInclude>
    <ClInclude Include="ProgrammerCreator.h">
      <Filter>Header Files</Filter>
    </ClInclude>
    <ClInclude Include="Reader.h">
      <Filter>Header Files</Filter>
    </ClInclude>
    <ClInclude Include="RemoveResidentCommand.h">
      <Filter>Header Files</Filter>
    </ClInclude>
    <ClInclude Include="Resident.h">
      <Filter>Header Files</Filter>
    </ClInclude>
    <ClInclude Include="ResidentEditor.h">
      <Filter>Header Files</Filter>
    </ClInclude>
    <ClInclude Include="ResidentInfoCommand.h">
      <Filter>Header Files</Filter>
    </ClInclude>
    <ClInclude Include="ResidentManager.h">
      <Filter>Header Files</Filter>
    </ClInclude>
    <ClInclude Include="SaveCommand.h">
      <Filter>Header Files</Filter>
    </ClInclude>
    <ClInclude Include="Simulation.h">
      <Filter>Header Files</Filter>
    </ClInclude>
    <ClInclude Include="SimulationApp.h">
      <Filter>Header Files</Filter>
    </ClInclude>
    <ClInclude Include="StepCommand.h">
      <Filter>Header Files</Filter>
    </ClInclude>
    <ClInclude Include="StepsCommand.h">
      <Filter>Header Files</Filter>
    </ClInclude>
    <ClInclude Include="Teacher.h">
      <Filter>Header Files</Filter>
    </ClInclude>
    <ClInclude Include="TeacherCreator.h">
      <Filter>Header Files</Filter>
    </ClInclude>
    <ClInclude Include="TxtReader.h">
      <Filter>Header Files</Filter>
    </ClInclude>
    <ClInclude Include="TxtWriter.h">
      <Filter>Header Files</Filter>
    </ClInclude>
    <ClInclude Include="Unemployed.h">
      <Filter>Header Files</Filter>
    </ClInclude>
    <ClInclude Include="UnemployedCreator.h">
      <Filter>Header Files</Filter>
    </ClInclude>
    <ClInclude Include="Utils.h">
      <Filter>Header Files</Filter>
    </ClInclude>
    <ClInclude Include="Writer.h">
      <Filter>Header Files</Filter>
    </ClInclude>
  </ItemGroup>
</Project>