
Microsoft Visual Studio Solution File, Format Version 12.00
# Visual Studio Version 17
VisualStudioVersion = 17.13.35931.197 d17.13
MinimumVisualStudioVersion = 10.0.40219.1
Project("{8BC9CEB8-8B4A-11D0-8D11-00A0C91BC942}") = "Town-Simulation", "Town-Simulation\Town-Simulation.vcxproj", "{A5C16D4B-DBFD-47F9-B816-A1C6756BBDFA}"
EndProject
Global
	GlobalSection(SolutionConfigurationPlatforms) = preSolution
		Debug|x64 = Debug|x64
		Debug|x86 = Debug|x86
		Release|x64 = Release|x64
		Release|x86 = Release|x86
	EndGlobalSection
	GlobalSection(ProjectConfigurationPlatforms) = postSolution
		{A5C16D4B-DBFD-47F9-B816-A1C6756BBDFA}.Debug|x64.ActiveCfg = Debug|x64
		{A5C16D4B-DBFD-47F9-B816-A1C6756BBDFA}.Debug|x64.Build.0 = Debug|x64
		{A5C16D4B-DBFD-47F9-B816-A1C6756BBDFA}.Debug|x86.ActiveCfg = Debug|Win32
		{A5C16D4B-DBFD-47F9-B816-A1C6756BBDFA}.Debug|x86.Build.0 = Debug|Win32
		{A5C16D4B-DBFD-47F9-B816-A1C6756BBDFA}.Release|x64.ActiveCfg = Release|x64
		{A5C16D4B-DBFD-47F9-B816-A1C6756BBDFA}.Release|x64.Build.0 = Release|x64
		{A5C16D4B-DBFD-47F9-B816-A1C6756BBDFA}.Release|x86.ActiveCfg = Release|Win32
		{A5C16D4B-DBFD-47F9-B816-A1C6756BBDFA}.Release|x86.Build.0 = Release|Win32
	EndGlobalSection
	GlobalSection(SolutionProperties) = preSolution
		HideSolutionNode = FALSE
	EndGlobalSection
	GlobalSection(ExtensibilityGlobals) = postSolution
		SolutionGuid = {02976257-8AF3-417E-BF89-B33AD1A43B82}
	EndGlobalSection
EndGlobal
